get_data:
  cmd: python get_data.py
  deps:
  - path: get_data.py
    md5: 20507889b6d92044322bed9af1dce103
  outs:
  - path: data/label.csv
    md5: c075ae427823bf590864f441bd5cf09d
process:
  cmd: python process_data.py
  deps:
  - path: data/label.csv
    md5: c075ae427823bf590864f441bd5cf09d
  - path: process_data.py
    md5: a54c8a476fca93719e8cb0c94b03bf50
  outs:
  - path: data/label_processed.csv
    md5: 4662a3293e7309014a9c09e97e17d0e0
train:
  cmd: python train.py
  deps:
  - path: data/label_processed.csv
    md5: 4662a3293e7309014a9c09e97e17d0e0
  - path: train.py
    md5: 96eec1bfe0df0daf9b8ef3d9d749f886
  outs:
  - path: metrics.json
    md5: a5003c7f5d7fb186d0cd050c67046fb1
