get_data:
  cmd: python get_data.py
  deps:
  - path: get_data.py
    md5: 25ad591077d74d5e01ae7ad33334e655
  outs:
  - path: data/label.csv
    md5: c075ae427823bf590864f441bd5cf09d
process:
  cmd: python process_data.py
  deps:
  - path: data/label.csv
    md5: c075ae427823bf590864f441bd5cf09d
  - path: process_data.py
    md5: b6a1e7b59e8dc7c17da21394c8653e9a
  outs:
  - path: data/label_processed.csv
    md5: e2258101d50c1122359e93769d789a3d
train:
  cmd: python train.py
  deps:
  - path: data/label_processed.csv
    md5: e2258101d50c1122359e93769d789a3d
  - path: train.py
    md5: 8ea083ff4f6952c589e8a93e6f57799e
  outs:
  - path: metrics.json
    md5: d5b19e0f1d4d82e08d2733ff666dddb3
